
Microsoft Visual Studio Solution File, Format Version 12.00
# Visual Studio Version 17
VisualStudioVersion = 17.12.35707.178 d17.12
MinimumVisualStudioVersion = 10.0.40219.1
Project("{FAE04EC0-301F-11D3-BF4B-00C04F79EFBC}") = "ChatALot.API", "ChatALot.API\ChatALot.API.csproj", "{2BEC36DC-50A7-482E-A570-66F2E97C68C7}"
EndProject
Project("{FAE04EC0-301F-11D3-BF4B-00C04F79EFBC}") = "ChatALot.Data", "ChatALot.Data\ChatALot.Data.csproj", "{B7235FA7-64D9-43B0-85B8-2B06558753F9}"
EndProject
Global
	GlobalSection(SolutionConfigurationPlatforms) = preSolution
		Debug|Any CPU = Debug|Any CPU
		Release|Any CPU = Release|Any CPU
	EndGlobalSection
	GlobalSection(ProjectConfigurationPlatforms) = postSolution
		{2BEC36DC-50A7-482E-A570-66F2E97C68C7}.Debug|Any CPU.ActiveCfg = Debug|Any CPU
		{2BEC36DC-50A7-482E-A570-66F2E97C68C7}.Debug|Any CPU.Build.0 = Debug|Any CPU
		{2BEC36DC-50A7-482E-A570-66F2E97C68C7}.Release|Any CPU.ActiveCfg = Release|Any CPU
		{2BEC36DC-50A7-482E-A570-66F2E97C68C7}.Release|Any CPU.Build.0 = Release|Any CPU
		{B7235FA7-64D9-43B0-85B8-2B06558753F9}.Debug|Any CPU.ActiveCfg = Debug|Any CPU
		{B7235FA7-64D9-43B0-85B8-2B06558753F9}.Debug|Any CPU.Build.0 = Debug|Any CPU
		{B7235FA7-64D9-43B0-85B8-2B06558753F9}.Release|Any CPU.ActiveCfg = Release|Any CPU
		{B7235FA7-64D9-43B0-85B8-2B06558753F9}.Release|Any CPU.Build.0 = Release|Any CPU
	EndGlobalSection
	GlobalSection(SolutionProperties) = preSolution
		HideSolutionNode = FALSE
	EndGlobalSection
EndGlobal
